
Microsoft Visual Studio Solution File, Format Version 12.00
# Visual Studio Version 16
VisualStudioVersion = 16.0.30114.105
MinimumVisualStudioVersion = 10.0.40219.1
Project("{2150E333-8FDC-42A3-9474-1A3956D46DE8}") = "src", "src", "{74A1430C-2C63-431E-B12F-79CED88C59A9}"
EndProject
Project("{FAE04EC0-301F-11D3-BF4B-00C04F79EFBC}") = "GradeBook", "src\GradeBook\GradeBook.csproj", "{AD37B96F-9CC0-4907-A47D-0773800E851D}"
EndProject
Project("{2150E333-8FDC-42A3-9474-1A3956D46DE8}") = "test", "test", "{4E18F636-E46D-4ABE-AFF2-C62051522903}"
EndProject
Project("{FAE04EC0-301F-11D3-BF4B-00C04F79EFBC}") = "GradeBook.Tests", "test\GradeBook.Tests\GradeBook.Tests.csproj", "{8CDA5B98-B7C7-4039-B24E-33311D3D0782}"
EndProject
Global
	GlobalSection(SolutionConfigurationPlatforms) = preSolution
		Debug|Any CPU = Debug|Any CPU
		Debug|x64 = Debug|x64
		Debug|x86 = Debug|x86
		Release|Any CPU = Release|Any CPU
		Release|x64 = Release|x64
		Release|x86 = Release|x86
	EndGlobalSection
	GlobalSection(SolutionProperties) = preSolution
		HideSolutionNode = FALSE
	EndGlobalSection
	GlobalSection(ProjectConfigurationPlatforms) = postSolution
		{AD37B96F-9CC0-4907-A47D-0773800E851D}.Debug|Any CPU.ActiveCfg = Debug|Any CPU
		{AD37B96F-9CC0-4907-A47D-0773800E851D}.Debug|Any CPU.Build.0 = Debug|Any CPU
		{AD37B96F-9CC0-4907-A47D-0773800E851D}.Debug|x64.ActiveCfg = Debug|Any CPU
		{AD37B96F-9CC0-4907-A47D-0773800E851D}.Debug|x64.Build.0 = Debug|Any CPU
		{AD37B96F-9CC0-4907-A47D-0773800E851D}.Debug|x86.ActiveCfg = Debug|Any CPU
		{AD37B96F-9CC0-4907-A47D-0773800E851D}.Debug|x86.Build.0 = Debug|Any CPU
		{AD37B96F-9CC0-4907-A47D-0773800E851D}.Release|Any CPU.ActiveCfg = Release|Any CPU
		{AD37B96F-9CC0-4907-A47D-0773800E851D}.Release|Any CPU.Build.0 = Release|Any CPU
		{AD37B96F-9CC0-4907-A47D-0773800E851D}.Release|x64.ActiveCfg = Release|Any CPU
		{AD37B96F-9CC0-4907-A47D-0773800E851D}.Release|x64.Build.0 = Release|Any CPU
		{AD37B96F-9CC0-4907-A47D-0773800E851D}.Release|x86.ActiveCfg = Release|Any CPU
		{AD37B96F-9CC0-4907-A47D-0773800E851D}.Release|x86.Build.0 = Release|Any CPU
		{8CDA5B98-B7C7-4039-B24E-33311D3D0782}.Debug|Any CPU.ActiveCfg = Debug|Any CPU
		{8CDA5B98-B7C7-4039-B24E-33311D3D0782}.Debug|Any CPU.Build.0 = Debug|Any CPU
		{8CDA5B98-B7C7-4039-B24E-33311D3D0782}.Debug|x64.ActiveCfg = Debug|Any CPU
		{8CDA5B98-B7C7-4039-B24E-33311D3D0782}.Debug|x64.Build.0 = Debug|Any CPU
		{8CDA5B98-B7C7-4039-B24E-33311D3D0782}.Debug|x86.ActiveCfg = Debug|Any CPU
		{8CDA5B98-B7C7-4039-B24E-33311D3D0782}.Debug|x86.Build.0 = Debug|Any CPU
		{8CDA5B98-B7C7-4039-B24E-33311D3D0782}.Release|Any CPU.ActiveCfg = Release|Any CPU
		{8CDA5B98-B7C7-4039-B24E-33311D3D0782}.Release|Any CPU.Build.0 = Release|Any CPU
		{8CDA5B98-B7C7-4039-B24E-33311D3D0782}.Release|x64.ActiveCfg = Release|Any CPU
		{8CDA5B98-B7C7-4039-B24E-33311D3D0782}.Release|x64.Build.0 = Release|Any CPU
		{8CDA5B98-B7C7-4039-B24E-33311D3D0782}.Release|x86.ActiveCfg = Release|Any CPU
		{8CDA5B98-B7C7-4039-B24E-33311D3D0782}.Release|x86.Build.0 = Release|Any CPU
	EndGlobalSection
	GlobalSection(NestedProjects) = preSolution
		{AD37B96F-9CC0-4907-A47D-0773800E851D} = {74A1430C-2C63-431E-B12F-79CED88C59A9}
		{8CDA5B98-B7C7-4039-B24E-33311D3D0782} = {4E18F636-E46D-4ABE-AFF2-C62051522903}
	EndGlobalSection
EndGlobal
